
Microsoft Visual Studio Solution File, Format Version 12.00
# Visual Studio 2012
Project("{FAE04EC0-301F-11D3-BF4B-00C04F79EFBC}") = "ProyectoSimulacionAgentes", "ProyectoSimulacionAgentes\ProyectoSimulacionAgentes.csproj", "{78720419-923C-4313-98C3-DB96A658EAD7}"
EndProject
Project("{FAE04EC0-301F-11D3-BF4B-00C04F79EFBC}") = "Program", "Program\Program.csproj", "{13198A1A-FA11-4833-A68F-FD247A91AEBC}"
EndProject
Global
	GlobalSection(SolutionConfigurationPlatforms) = preSolution
		Debug|Any CPU = Debug|Any CPU
		Release|Any CPU = Release|Any CPU
	EndGlobalSection
	GlobalSection(ProjectConfigurationPlatforms) = postSolution
		{78720419-923C-4313-98C3-DB96A658EAD7}.Debug|Any CPU.ActiveCfg = Debug|Any CPU
		{78720419-923C-4313-98C3-DB96A658EAD7}.Debug|Any CPU.Build.0 = Debug|Any CPU
		{78720419-923C-4313-98C3-DB96A658EAD7}.Release|Any CPU.ActiveCfg = Release|Any CPU
		{78720419-923C-4313-98C3-DB96A658EAD7}.Release|Any CPU.Build.0 = Release|Any CPU
		{13198A1A-FA11-4833-A68F-FD247A91AEBC}.Debug|Any CPU.ActiveCfg = Debug|Any CPU
		{13198A1A-FA11-4833-A68F-FD247A91AEBC}.Debug|Any CPU.Build.0 = Debug|Any CPU
		{13198A1A-FA11-4833-A68F-FD247A91AEBC}.Release|Any CPU.ActiveCfg = Release|Any CPU
		{13198A1A-FA11-4833-A68F-FD247A91AEBC}.Release|Any CPU.Build.0 = Release|Any CPU
	EndGlobalSection
	GlobalSection(SolutionProperties) = preSolution
		HideSolutionNode = FALSE
	EndGlobalSection
EndGlobal
